
Microsoft Visual Studio Solution File, Format Version 12.00
# Visual Studio Version 17
VisualStudioVersion = 17.3.32929.385
MinimumVisualStudioVersion = 10.0.40219.1
Project("{FAE04EC0-301F-11D3-BF4B-00C04F79EFBC}") = "secondTest", "secondTest\secondTest.csproj", "{996CC66D-37EE-4871-9FA6-E4093DD53738}"
EndProject
Global
	GlobalSection(SolutionConfigurationPlatforms) = preSolution
		Debug|Any CPU = Debug|Any CPU
		Release|Any CPU = Release|Any CPU
	EndGlobalSection
	GlobalSection(ProjectConfigurationPlatforms) = postSolution
		{996CC66D-37EE-4871-9FA6-E4093DD53738}.Debug|Any CPU.ActiveCfg = Debug|Any CPU
		{996CC66D-37EE-4871-9FA6-E4093DD53738}.Debug|Any CPU.Build.0 = Debug|Any CPU
		{996CC66D-37EE-4871-9FA6-E4093DD53738}.Release|Any CPU.ActiveCfg = Release|Any CPU
		{996CC66D-37EE-4871-9FA6-E4093DD53738}.Release|Any CPU.Build.0 = Release|Any CPU
	EndGlobalSection
	GlobalSection(SolutionProperties) = preSolution
		HideSolutionNode = FALSE
	EndGlobalSection
	GlobalSection(ExtensibilityGlobals) = postSolution
		SolutionGuid = {35AF7C77-A225-47CA-8280-2AEFC5F528D8}
	EndGlobalSection
EndGlobal
